// !$*UTF8*$!
{
	archiveVersion = 1;
	classes = {
	};
	objectVersion = 56;
	objects = {

/* Begin PBXBuildFile section */
		5C43AF4328E2D9C4000771BB /* FirebaseAnalytics in Frameworks */ = {isa = PBXBuildFile; productRef = 5C43AF4228E2D9C4000771BB /* FirebaseAnalytics */; };
		5C43AF4528E2D9C4000771BB /* FirebaseAnalyticsOnDeviceConversion in Frameworks */ = {isa = PBXBuildFile; productRef = 5C43AF4428E2D9C4000771BB /* FirebaseAnalyticsOnDeviceConversion */; };
		5C43AF4728E2D9C4000771BB /* FirebaseAnalyticsSwift in Frameworks */ = {isa = PBXBuildFile; productRef = 5C43AF4628E2D9C4000771BB /* FirebaseAnalyticsSwift */; };
		5C43AF4928E2D9C4000771BB /* FirebaseAnalyticsWithoutAdIdSupport in Frameworks */ = {isa = PBXBuildFile; productRef = 5C43AF4828E2D9C4000771BB /* FirebaseAnalyticsWithoutAdIdSupport */; };
		5C43AF4B28E2D9C4000771BB /* FirebaseAppCheck in Frameworks */ = {isa = PBXBuildFile; productRef = 5C43AF4A28E2D9C4000771BB /* FirebaseAppCheck */; };
		5C43AF4D28E2D9C4000771BB /* FirebaseAppDistribution-Beta in Frameworks */ = {isa = PBXBuildFile; productRef = 5C43AF4C28E2D9C4000771BB /* FirebaseAppDistribution-Beta */; };
		5C43AF4F28E2D9C4000771BB /* FirebaseAuth in Frameworks */ = {isa = PBXBuildFile; productRef = 5C43AF4E28E2D9C4000771BB /* FirebaseAuth */; };
		5C43AF5128E2D9C4000771BB /* FirebaseAuthCombine-Community in Frameworks */ = {isa = PBXBuildFile; productRef = 5C43AF5028E2D9C4000771BB /* FirebaseAuthCombine-Community */; };
		5C43AF5328E2D9C4000771BB /* FirebaseCrashlytics in Frameworks */ = {isa = PBXBuildFile; productRef = 5C43AF5228E2D9C4000771BB /* FirebaseCrashlytics */; };
		5C43AF5528E2D9C4000771BB /* FirebaseDatabase in Frameworks */ = {isa = PBXBuildFile; productRef = 5C43AF5428E2D9C4000771BB /* FirebaseDatabase */; };
		5C43AF5728E2D9C4000771BB /* FirebaseDatabaseSwift in Frameworks */ = {isa = PBXBuildFile; productRef = 5C43AF5628E2D9C4000771BB /* FirebaseDatabaseSwift */; };
		5C43AF5928E2D9C4000771BB /* FirebaseDynamicLinks in Frameworks */ = {isa = PBXBuildFile; productRef = 5C43AF5828E2D9C4000771BB /* FirebaseDynamicLinks */; };
		5C43AF5B28E2D9C4000771BB /* FirebaseFirestore in Frameworks */ = {isa = PBXBuildFile; productRef = 5C43AF5A28E2D9C4000771BB /* FirebaseFirestore */; };
		5C43AF5D28E2D9C4000771BB /* FirebaseFirestoreCombine-Community in Frameworks */ = {isa = PBXBuildFile; productRef = 5C43AF5C28E2D9C4000771BB /* FirebaseFirestoreCombine-Community */; };
		5C43AF5F28E2D9C4000771BB /* FirebaseFirestoreSwift in Frameworks */ = {isa = PBXBuildFile; productRef = 5C43AF5E28E2D9C4000771BB /* FirebaseFirestoreSwift */; };
		5C43AF6128E2D9C4000771BB /* FirebaseFunctions in Frameworks */ = {isa = PBXBuildFile; productRef = 5C43AF6028E2D9C4000771BB /* FirebaseFunctions */; };
		5C43AF6328E2D9C4000771BB /* FirebaseFunctionsCombine-Community in Frameworks */ = {isa = PBXBuildFile; productRef = 5C43AF6228E2D9C4000771BB /* FirebaseFunctionsCombine-Community */; };
		5C43AF6528E2D9C4000771BB /* FirebaseInAppMessaging-Beta in Frameworks */ = {isa = PBXBuildFile; productRef = 5C43AF6428E2D9C4000771BB /* FirebaseInAppMessaging-Beta */; };
		5C43AF6728E2D9C4000771BB /* FirebaseInAppMessagingSwift-Beta in Frameworks */ = {isa = PBXBuildFile; productRef = 5C43AF6628E2D9C4000771BB /* FirebaseInAppMessagingSwift-Beta */; };
		5C43AF6928E2D9C4000771BB /* FirebaseInstallations in Frameworks */ = {isa = PBXBuildFile; productRef = 5C43AF6828E2D9C4000771BB /* FirebaseInstallations */; };
		5C43AF6B28E2D9C4000771BB /* FirebaseMLModelDownloader in Frameworks */ = {isa = PBXBuildFile; productRef = 5C43AF6A28E2D9C4000771BB /* FirebaseMLModelDownloader */; };
		5C43AF6D28E2D9C4000771BB /* FirebaseMessaging in Frameworks */ = {isa = PBXBuildFile; productRef = 5C43AF6C28E2D9C4000771BB /* FirebaseMessaging */; };
		5C43AF6F28E2D9C4000771BB /* FirebasePerformance in Frameworks */ = {isa = PBXBuildFile; productRef = 5C43AF6E28E2D9C4000771BB /* FirebasePerformance */; };
		5C43AF7128E2D9C4000771BB /* FirebaseRemoteConfig in Frameworks */ = {isa = PBXBuildFile; productRef = 5C43AF7028E2D9C4000771BB /* FirebaseRemoteConfig */; };
		5C43AF7328E2D9C4000771BB /* FirebaseRemoteConfigSwift in Frameworks */ = {isa = PBXBuildFile; productRef = 5C43AF7228E2D9C4000771BB /* FirebaseRemoteConfigSwift */; };
		5C43AF7528E2D9C4000771BB /* FirebaseStorage in Frameworks */ = {isa = PBXBuildFile; productRef = 5C43AF7428E2D9C4000771BB /* FirebaseStorage */; };
		5C43AF7728E2D9C4000771BB /* FirebaseStorageCombine-Community in Frameworks */ = {isa = PBXBuildFile; productRef = 5C43AF7628E2D9C4000771BB /* FirebaseStorageCombine-Community */; };
		5C43AF7928E2DD66000771BB /* TitleTest.swift in Sources */ = {isa = PBXBuildFile; fileRef = 5C43AF7828E2DD66000771BB /* TitleTest.swift */; };
		5C43AF7B28E2F6A8000771BB /* INVOICESNEWview.swift in Sources */ = {isa = PBXBuildFile; fileRef = 5C43AF7A28E2F6A8000771BB /* INVOICESNEWview.swift */; };
		5C43AF8428E38A09000771BB /* ClientFields.swift in Sources */ = {isa = PBXBuildFile; fileRef = 5C43AF8328E38A09000771BB /* ClientFields.swift */; };
		5C43AF8628E38E00000771BB /* ViewModel.swift in Sources */ = {isa = PBXBuildFile; fileRef = 5C43AF8528E38E00000771BB /* ViewModel.swift */; };
		5C58436B28E4D89D005458E2 /* Storyboard.storyboard in Resources */ = {isa = PBXBuildFile; fileRef = 5C58436A28E4D89D005458E2 /* Storyboard.storyboard */; };
		5C58436D28E4D8BD005458E2 /* Launch Screen.storyboard in Resources */ = {isa = PBXBuildFile; fileRef = 5C58436C28E4D8BD005458E2 /* Launch Screen.storyboard */; };
		5C58438F28E4DEE0005458E2 /* testView.swift in Sources */ = {isa = PBXBuildFile; fileRef = 5C58438E28E4DEE0005458E2 /* testView.swift */; };
		5C5843B128E4F0F2005458E2 /* CLIENTSNew.swift in Sources */ = {isa = PBXBuildFile; fileRef = 5C5843B028E4F0F2005458E2 /* CLIENTSNew.swift */; };
		5CEA8C2028E238F8002E33FC /* INVOICESApp.swift in Sources */ = {isa = PBXBuildFile; fileRef = 5CEA8C1F28E238F8002E33FC /* INVOICESApp.swift */; };
		5CEA8C2228E238F8002E33FC /* ContentView.swift in Sources */ = {isa = PBXBuildFile; fileRef = 5CEA8C2128E238F8002E33FC /* ContentView.swift */; };
		5CEA8C2428E238FA002E33FC /* Assets.xcassets in Resources */ = {isa = PBXBuildFile; fileRef = 5CEA8C2328E238FA002E33FC /* Assets.xcassets */; };
		5CEA8C2728E238FA002E33FC /* Preview Assets.xcassets in Resources */ = {isa = PBXBuildFile; fileRef = 5CEA8C2628E238FA002E33FC /* Preview Assets.xcassets */; };
		5CEA8C2F28E24960002E33FC /* CLIENTSview.swift in Sources */ = {isa = PBXBuildFile; fileRef = 5CEA8C2E28E24960002E33FC /* CLIENTSview.swift */; };
		5CEA8C3328E24A09002E33FC /* HOMEview.swift in Sources */ = {isa = PBXBuildFile; fileRef = 5CEA8C3228E24A09002E33FC /* HOMEview.swift */; };
		5CEA8C3728E24A36002E33FC /* CLIENTSDETAILview.swift in Sources */ = {isa = PBXBuildFile; fileRef = 5CEA8C3628E24A36002E33FC /* CLIENTSDETAILview.swift */; };
		5CEA8C3B28E24A72002E33FC /* CALLSHEETSview.swift in Sources */ = {isa = PBXBuildFile; fileRef = 5CEA8C3A28E24A72002E33FC /* CALLSHEETSview.swift */; };
		5CEA8C3F28E24A93002E33FC /* CALLSHEETDETAILview.swift in Sources */ = {isa = PBXBuildFile; fileRef = 5CEA8C3E28E24A93002E33FC /* CALLSHEETDETAILview.swift */; };
		5CEA8C4128E25556002E33FC /* INVOICESview.swift in Sources */ = {isa = PBXBuildFile; fileRef = 5CEA8C4028E25556002E33FC /* INVOICESview.swift */; };
		5CEA8C4328E25565002E33FC /* INVOICESDETAILview.swift in Sources */ = {isa = PBXBuildFile; fileRef = 5CEA8C4228E25565002E33FC /* INVOICESDETAILview.swift */; };
		5CEA8C4528E2598B002E33FC /* GoogleService-Info.plist in Resources */ = {isa = PBXBuildFile; fileRef = 5CEA8C4428E2598B002E33FC /* GoogleService-Info.plist */; };
/* End PBXBuildFile section */

/* Begin PBXFileReference section */
		5C43AF7828E2DD66000771BB /* TitleTest.swift */ = {isa = PBXFileReference; lastKnownFileType = sourcecode.swift; path = TitleTest.swift; sourceTree = "<group>"; };
		5C43AF7A28E2F6A8000771BB /* INVOICESNEWview.swift */ = {isa = PBXFileReference; lastKnownFileType = sourcecode.swift; path = INVOICESNEWview.swift; sourceTree = "<group>"; };
		5C43AF8328E38A09000771BB /* ClientFields.swift */ = {isa = PBXFileReference; lastKnownFileType = sourcecode.swift; path = ClientFields.swift; sourceTree = "<group>"; };
		5C43AF8528E38E00000771BB /* ViewModel.swift */ = {isa = PBXFileReference; lastKnownFileType = sourcecode.swift; path = ViewModel.swift; sourceTree = "<group>"; };
		5C58436A28E4D89D005458E2 /* Storyboard.storyboard */ = {isa = PBXFileReference; lastKnownFileType = file.storyboard; path = Storyboard.storyboard; sourceTree = "<group>"; };
		5C58436C28E4D8BD005458E2 /* Launch Screen.storyboard */ = {isa = PBXFileReference; lastKnownFileType = file.storyboard; path = "Launch Screen.storyboard"; sourceTree = "<group>"; };
		5C58438E28E4DEE0005458E2 /* testView.swift */ = {isa = PBXFileReference; lastKnownFileType = sourcecode.swift; path = testView.swift; sourceTree = "<group>"; };
		5C5843B028E4F0F2005458E2 /* CLIENTSNew.swift */ = {isa = PBXFileReference; lastKnownFileType = sourcecode.swift; path = CLIENTSNew.swift; sourceTree = "<group>"; };
		5CEA8C1C28E238F8002E33FC /* INVOICES.app */ = {isa = PBXFileReference; explicitFileType = wrapper.application; includeInIndex = 0; path = INVOICES.app; sourceTree = BUILT_PRODUCTS_DIR; };
		5CEA8C1F28E238F8002E33FC /* INVOICESApp.swift */ = {isa = PBXFileReference; lastKnownFileType = sourcecode.swift; path = INVOICESApp.swift; sourceTree = "<group>"; };
		5CEA8C2128E238F8002E33FC /* ContentView.swift */ = {isa = PBXFileReference; lastKnownFileType = sourcecode.swift; path = ContentView.swift; sourceTree = "<group>"; };
		5CEA8C2328E238FA002E33FC /* Assets.xcassets */ = {isa = PBXFileReference; lastKnownFileType = folder.assetcatalog; path = Assets.xcassets; sourceTree = "<group>"; };
		5CEA8C2628E238FA002E33FC /* Preview Assets.xcassets */ = {isa = PBXFileReference; lastKnownFileType = folder.assetcatalog; path = "Preview Assets.xcassets"; sourceTree = "<group>"; };
		5CEA8C2E28E24960002E33FC /* CLIENTSview.swift */ = {isa = PBXFileReference; lastKnownFileType = sourcecode.swift; path = CLIENTSview.swift; sourceTree = "<group>"; };
		5CEA8C3228E24A09002E33FC /* HOMEview.swift */ = {isa = PBXFileReference; lastKnownFileType = sourcecode.swift; path = HOMEview.swift; sourceTree = "<group>"; };
		5CEA8C3628E24A36002E33FC /* CLIENTSDETAILview.swift */ = {isa = PBXFileReference; lastKnownFileType = sourcecode.swift; path = CLIENTSDETAILview.swift; sourceTree = "<group>"; };
		5CEA8C3A28E24A72002E33FC /* CALLSHEETSview.swift */ = {isa = PBXFileReference; lastKnownFileType = sourcecode.swift; path = CALLSHEETSview.swift; sourceTree = "<group>"; };
		5CEA8C3E28E24A93002E33FC /* CALLSHEETDETAILview.swift */ = {isa = PBXFileReference; lastKnownFileType = sourcecode.swift; path = CALLSHEETDETAILview.swift; sourceTree = "<group>"; };
		5CEA8C4028E25556002E33FC /* INVOICESview.swift */ = {isa = PBXFileReference; lastKnownFileType = sourcecode.swift; path = INVOICESview.swift; sourceTree = "<group>"; };
		5CEA8C4228E25565002E33FC /* INVOICESDETAILview.swift */ = {isa = PBXFileReference; lastKnownFileType = sourcecode.swift; path = INVOICESDETAILview.swift; sourceTree = "<group>"; };
		5CEA8C4428E2598B002E33FC /* GoogleService-Info.plist */ = {isa = PBXFileReference; lastKnownFileType = text.plist; name = "GoogleService-Info.plist"; path = "Old/GoogleService-Info.plist"; sourceTree = SOURCE_ROOT; };
/* End PBXFileReference section */

/* Begin PBXFrameworksBuildPhase section */
		5CEA8C1928E238F8002E33FC /* Frameworks */ = {
			isa = PBXFrameworksBuildPhase;
			buildActionMask = 2147483647;
			files = (
				5C43AF5528E2D9C4000771BB /* FirebaseDatabase in Frameworks */,
				5C43AF6328E2D9C4000771BB /* FirebaseFunctionsCombine-Community in Frameworks */,
				5C43AF5B28E2D9C4000771BB /* FirebaseFirestore in Frameworks */,
				5C43AF4728E2D9C4000771BB /* FirebaseAnalyticsSwift in Frameworks */,
				5C43AF4328E2D9C4000771BB /* FirebaseAnalytics in Frameworks */,
				5C43AF4528E2D9C4000771BB /* FirebaseAnalyticsOnDeviceConversion in Frameworks */,
				5C43AF6B28E2D9C4000771BB /* FirebaseMLModelDownloader in Frameworks */,
				5C43AF5F28E2D9C4000771BB /* FirebaseFirestoreSwift in Frameworks */,
				5C43AF4B28E2D9C4000771BB /* FirebaseAppCheck in Frameworks */,
				5C43AF4928E2D9C4000771BB /* FirebaseAnalyticsWithoutAdIdSupport in Frameworks */,
				5C43AF4F28E2D9C4000771BB /* FirebaseAuth in Frameworks */,
				5C43AF5328E2D9C4000771BB /* FirebaseCrashlytics in Frameworks */,
				5C43AF7328E2D9C4000771BB /* FirebaseRemoteConfigSwift in Frameworks */,
				5C43AF6528E2D9C4000771BB /* FirebaseInAppMessaging-Beta in Frameworks */,
				5C43AF5728E2D9C4000771BB /* FirebaseDatabaseSwift in Frameworks */,
				5C43AF6128E2D9C4000771BB /* FirebaseFunctions in Frameworks */,
				5C43AF7728E2D9C4000771BB /* FirebaseStorageCombine-Community in Frameworks */,
				5C43AF7128E2D9C4000771BB /* FirebaseRemoteConfig in Frameworks */,
				5C43AF4D28E2D9C4000771BB /* FirebaseAppDistribution-Beta in Frameworks */,
				5C43AF5128E2D9C4000771BB /* FirebaseAuthCombine-Community in Frameworks */,
				5C43AF6F28E2D9C4000771BB /* FirebasePerformance in Frameworks */,
				5C43AF6728E2D9C4000771BB /* FirebaseInAppMessagingSwift-Beta in Frameworks */,
				5C43AF7528E2D9C4000771BB /* FirebaseStorage in Frameworks */,
				5C43AF5928E2D9C4000771BB /* FirebaseDynamicLinks in Frameworks */,
				5C43AF5D28E2D9C4000771BB /* FirebaseFirestoreCombine-Community in Frameworks */,
				5C43AF6D28E2D9C4000771BB /* FirebaseMessaging in Frameworks */,
				5C43AF6928E2D9C4000771BB /* FirebaseInstallations in Frameworks */,
			);
			runOnlyForDeploymentPostprocessing = 0;
		};
/* End PBXFrameworksBuildPhase section */

/* Begin PBXGroup section */
		5CEA8C1328E238F8002E33FC = {
			isa = PBXGroup;
			children = (
				5CEA8C1E28E238F8002E33FC /* INVOICES */,
				5CEA8C1D28E238F8002E33FC /* Products */,
			);
			sourceTree = "<group>";
		};
		5CEA8C1D28E238F8002E33FC /* Products */ = {
			isa = PBXGroup;
			children = (
				5CEA8C1C28E238F8002E33FC /* INVOICES.app */,
			);
			name = Products;
			sourceTree = "<group>";
		};
		5CEA8C1E28E238F8002E33FC /* INVOICES */ = {
			isa = PBXGroup;
			children = (
				5CEA8C1F28E238F8002E33FC /* INVOICESApp.swift */,
				5CEA8C4428E2598B002E33FC /* GoogleService-Info.plist */,
				5CEA8C2D28E2493F002E33FC /* Models */,
				5CEA8C2328E238FA002E33FC /* Assets.xcassets */,
				5CEA8C3028E24964002E33FC /* Views */,
				5CEA8C2528E238FA002E33FC /* Preview Content */,
			);
			path = INVOICES;
			sourceTree = "<group>";
		};
		5CEA8C2528E238FA002E33FC /* Preview Content */ = {
			isa = PBXGroup;
			children = (
				5CEA8C2628E238FA002E33FC /* Preview Assets.xcassets */,
				5C58436A28E4D89D005458E2 /* Storyboard.storyboard */,
				5C58436C28E4D8BD005458E2 /* Launch Screen.storyboard */,
			);
			path = "Preview Content";
			sourceTree = "<group>";
		};
		5CEA8C2D28E2493F002E33FC /* Models */ = {
			isa = PBXGroup;
			children = (
				5C43AF7828E2DD66000771BB /* TitleTest.swift */,
				5C43AF8328E38A09000771BB /* ClientFields.swift */,
			);
			path = Models;
			sourceTree = "<group>";
		};
		5CEA8C3028E24964002E33FC /* Views */ = {
			isa = PBXGroup;
			children = (
				5CEA8C2128E238F8002E33FC /* ContentView.swift */,
				5C43AF7A28E2F6A8000771BB /* INVOICESNEWview.swift */,
				5CEA8C3E28E24A93002E33FC /* CALLSHEETDETAILview.swift */,
				5CEA8C2E28E24960002E33FC /* CLIENTSview.swift */,
				5CEA8C3228E24A09002E33FC /* HOMEview.swift */,
				5C58438E28E4DEE0005458E2 /* testView.swift */,
				5CEA8C3628E24A36002E33FC /* CLIENTSDETAILview.swift */,
				5C5843B028E4F0F2005458E2 /* CLIENTSNew.swift */,
				5CEA8C3A28E24A72002E33FC /* CALLSHEETSview.swift */,
				5CEA8C4028E25556002E33FC /* INVOICESview.swift */,
				5CEA8C4228E25565002E33FC /* INVOICESDETAILview.swift */,
				5CEA8C3128E2498D002E33FC /* ViewModels */,
			);
			path = Views;
			sourceTree = "<group>";
		};
		5CEA8C3128E2498D002E33FC /* ViewModels */ = {
			isa = PBXGroup;
			children = (
				5C43AF8528E38E00000771BB /* ViewModel.swift */,
			);
			path = ViewModels;
			sourceTree = "<group>";
		};
/* End PBXGroup section */

/* Begin PBXNativeTarget section */
		5CEA8C1B28E238F8002E33FC /* INVOICES */ = {
			isa = PBXNativeTarget;
			buildConfigurationList = 5CEA8C2A28E238FA002E33FC /* Build configuration list for PBXNativeTarget "INVOICES" */;
			buildPhases = (
				5CEA8C1828E238F8002E33FC /* Sources */,
				5CEA8C1928E238F8002E33FC /* Frameworks */,
				5CEA8C1A28E238F8002E33FC /* Resources */,
			);
			buildRules = (
			);
			dependencies = (
			);
			name = INVOICES;
			packageProductDependencies = (
				5C43AF4228E2D9C4000771BB /* FirebaseAnalytics */,
				5C43AF4428E2D9C4000771BB /* FirebaseAnalyticsOnDeviceConversion */,
				5C43AF4628E2D9C4000771BB /* FirebaseAnalyticsSwift */,
				5C43AF4828E2D9C4000771BB /* FirebaseAnalyticsWithoutAdIdSupport */,
				5C43AF4A28E2D9C4000771BB /* FirebaseAppCheck */,
				5C43AF4C28E2D9C4000771BB /* FirebaseAppDistribution-Beta */,
				5C43AF4E28E2D9C4000771BB /* FirebaseAuth */,
				5C43AF5028E2D9C4000771BB /* FirebaseAuthCombine-Community */,
				5C43AF5228E2D9C4000771BB /* FirebaseCrashlytics */,
				5C43AF5428E2D9C4000771BB /* FirebaseDatabase */,
				5C43AF5628E2D9C4000771BB /* FirebaseDatabaseSwift */,
				5C43AF5828E2D9C4000771BB /* FirebaseDynamicLinks */,
				5C43AF5A28E2D9C4000771BB /* FirebaseFirestore */,
				5C43AF5C28E2D9C4000771BB /* FirebaseFirestoreCombine-Community */,
				5C43AF5E28E2D9C4000771BB /* FirebaseFirestoreSwift */,
				5C43AF6028E2D9C4000771BB /* FirebaseFunctions */,
				5C43AF6228E2D9C4000771BB /* FirebaseFunctionsCombine-Community */,
				5C43AF6428E2D9C4000771BB /* FirebaseInAppMessaging-Beta */,
				5C43AF6628E2D9C4000771BB /* FirebaseInAppMessagingSwift-Beta */,
				5C43AF6828E2D9C4000771BB /* FirebaseInstallations */,
				5C43AF6A28E2D9C4000771BB /* FirebaseMLModelDownloader */,
				5C43AF6C28E2D9C4000771BB /* FirebaseMessaging */,
				5C43AF6E28E2D9C4000771BB /* FirebasePerformance */,
				5C43AF7028E2D9C4000771BB /* FirebaseRemoteConfig */,
				5C43AF7228E2D9C4000771BB /* FirebaseRemoteConfigSwift */,
				5C43AF7428E2D9C4000771BB /* FirebaseStorage */,
				5C43AF7628E2D9C4000771BB /* FirebaseStorageCombine-Community */,
			);
			productName = INVOICES;
			productReference = 5CEA8C1C28E238F8002E33FC /* INVOICES.app */;
			productType = "com.apple.product-type.application";
		};
/* End PBXNativeTarget section */

/* Begin PBXProject section */
		5CEA8C1428E238F8002E33FC /* Project object */ = {
			isa = PBXProject;
			attributes = {
				BuildIndependentTargetsInParallel = 1;
				LastSwiftUpdateCheck = 1400;
				LastUpgradeCheck = 1400;
				TargetAttributes = {
					5CEA8C1B28E238F8002E33FC = {
						CreatedOnToolsVersion = 14.0;
					};
				};
			};
			buildConfigurationList = 5CEA8C1728E238F8002E33FC /* Build configuration list for PBXProject "INVOICES" */;
			compatibilityVersion = "Xcode 14.0";
			developmentRegion = en;
			hasScannedForEncodings = 0;
			knownRegions = (
				en,
				Base,
			);
			mainGroup = 5CEA8C1328E238F8002E33FC;
			packageReferences = (
				5C43AF4128E2D9C4000771BB /* XCRemoteSwiftPackageReference "firebase-ios-sdk" */,
			);
			productRefGroup = 5CEA8C1D28E238F8002E33FC /* Products */;
			projectDirPath = "";
			projectRoot = "";
			targets = (
				5CEA8C1B28E238F8002E33FC /* INVOICES */,
			);
		};
/* End PBXProject section */

/* Begin PBXResourcesBuildPhase section */
		5CEA8C1A28E238F8002E33FC /* Resources */ = {
			isa = PBXResourcesBuildPhase;
			buildActionMask = 2147483647;
			files = (
				5CEA8C2728E238FA002E33FC /* Preview Assets.xcassets in Resources */,
				5C58436B28E4D89D005458E2 /* Storyboard.storyboard in Resources */,
				5CEA8C2428E238FA002E33FC /* Assets.xcassets in Resources */,
				5C58436D28E4D8BD005458E2 /* Launch Screen.storyboard in Resources */,
				5CEA8C4528E2598B002E33FC /* GoogleService-Info.plist in Resources */,
			);
			runOnlyForDeploymentPostprocessing = 0;
		};
/* End PBXResourcesBuildPhase section */

/* Begin PBXSourcesBuildPhase section */
		5CEA8C1828E238F8002E33FC /* Sources */ = {
			isa = PBXSourcesBuildPhase;
			buildActionMask = 2147483647;
			files = (
				5CEA8C4128E25556002E33FC /* INVOICESview.swift in Sources */,
				5C43AF7B28E2F6A8000771BB /* INVOICESNEWview.swift in Sources */,
				5CEA8C3728E24A36002E33FC /* CLIENTSDETAILview.swift in Sources */,
				5C5843B128E4F0F2005458E2 /* CLIENTSNew.swift in Sources */,
				5CEA8C2228E238F8002E33FC /* ContentView.swift in Sources */,
				5CEA8C3328E24A09002E33FC /* HOMEview.swift in Sources */,
				5C43AF8428E38A09000771BB /* ClientFields.swift in Sources */,
				5C43AF8628E38E00000771BB /* ViewModel.swift in Sources */,
				5C43AF7928E2DD66000771BB /* TitleTest.swift in Sources */,
				5C58438F28E4DEE0005458E2 /* testView.swift in Sources */,
				5CEA8C4328E25565002E33FC /* INVOICESDETAILview.swift in Sources */,
				5CEA8C2F28E24960002E33FC /* CLIENTSview.swift in Sources */,
				5CEA8C3F28E24A93002E33FC /* CALLSHEETDETAILview.swift in Sources */,
				5CEA8C3B28E24A72002E33FC /* CALLSHEETSview.swift in Sources */,
				5CEA8C2028E238F8002E33FC /* INVOICESApp.swift in Sources */,
			);
			runOnlyForDeploymentPostprocessing = 0;
		};
/* End PBXSourcesBuildPhase section */

/* Begin XCBuildConfiguration section */
		5CEA8C2828E238FA002E33FC /* Debug */ = {
			isa = XCBuildConfiguration;
			buildSettings = {
				ALWAYS_SEARCH_USER_PATHS = NO;
				CLANG_ANALYZER_NONNULL = YES;
				CLANG_ANALYZER_NUMBER_OBJECT_CONVERSION = YES_AGGRESSIVE;
				CLANG_CXX_LANGUAGE_STANDARD = "gnu++20";
				CLANG_ENABLE_MODULES = YES;
				CLANG_ENABLE_OBJC_ARC = YES;
				CLANG_ENABLE_OBJC_WEAK = YES;
				CLANG_WARN_BLOCK_CAPTURE_AUTORELEASING = YES;
				CLANG_WARN_BOOL_CONVERSION = YES;
				CLANG_WARN_COMMA = YES;
				CLANG_WARN_CONSTANT_CONVERSION = YES;
				CLANG_WARN_DEPRECATED_OBJC_IMPLEMENTATIONS = YES;
				CLANG_WARN_DIRECT_OBJC_ISA_USAGE = YES_ERROR;
				CLANG_WARN_DOCUMENTATION_COMMENTS = YES;
				CLANG_WARN_EMPTY_BODY = YES;
				CLANG_WARN_ENUM_CONVERSION = YES;
				CLANG_WARN_INFINITE_RECURSION = YES;
				CLANG_WARN_INT_CONVERSION = YES;
				CLANG_WARN_NON_LITERAL_NULL_CONVERSION = YES;
				CLANG_WARN_OBJC_IMPLICIT_RETAIN_SELF = YES;
				CLANG_WARN_OBJC_LITERAL_CONVERSION = YES;
				CLANG_WARN_OBJC_ROOT_CLASS = YES_ERROR;
				CLANG_WARN_QUOTED_INCLUDE_IN_FRAMEWORK_HEADER = YES;
				CLANG_WARN_RANGE_LOOP_ANALYSIS = YES;
				CLANG_WARN_STRICT_PROTOTYPES = YES;
				CLANG_WARN_SUSPICIOUS_MOVE = YES;
				CLANG_WARN_UNGUARDED_AVAILABILITY = YES_AGGRESSIVE;
				CLANG_WARN_UNREACHABLE_CODE = YES;
				CLANG_WARN__DUPLICATE_METHOD_MATCH = YES;
				COPY_PHASE_STRIP = NO;
				DEBUG_INFORMATION_FORMAT = dwarf;
				ENABLE_STRICT_OBJC_MSGSEND = YES;
				ENABLE_TESTABILITY = YES;
				GCC_C_LANGUAGE_STANDARD = gnu11;
				GCC_DYNAMIC_NO_PIC = NO;
				GCC_NO_COMMON_BLOCKS = YES;
				GCC_OPTIMIZATION_LEVEL = 0;
				GCC_PREPROCESSOR_DEFINITIONS = (
					"DEBUG=1",
					"$(inherited)",
				);
				GCC_WARN_64_TO_32_BIT_CONVERSION = YES;
				GCC_WARN_ABOUT_RETURN_TYPE = YES_ERROR;
				GCC_WARN_UNDECLARED_SELECTOR = YES;
				GCC_WARN_UNINITIALIZED_AUTOS = YES_AGGRESSIVE;
				GCC_WARN_UNUSED_FUNCTION = YES;
				GCC_WARN_UNUSED_VARIABLE = YES;
				IPHONEOS_DEPLOYMENT_TARGET = 16.0;
				MTL_ENABLE_DEBUG_INFO = INCLUDE_SOURCE;
				MTL_FAST_MATH = YES;
				ONLY_ACTIVE_ARCH = YES;
				SDKROOT = iphoneos;
				SWIFT_ACTIVE_COMPILATION_CONDITIONS = DEBUG;
				SWIFT_OPTIMIZATION_LEVEL = "-Onone";
			};
			name = Debug;
		};
		5CEA8C2928E238FA002E33FC /* Release */ = {
			isa = XCBuildConfiguration;
			buildSettings = {
				ALWAYS_SEARCH_USER_PATHS = NO;
				CLANG_ANALYZER_NONNULL = YES;
				CLANG_ANALYZER_NUMBER_OBJECT_CONVERSION = YES_AGGRESSIVE;
				CLANG_CXX_LANGUAGE_STANDARD = "gnu++20";
				CLANG_ENABLE_MODULES = YES;
				CLANG_ENABLE_OBJC_ARC = YES;
				CLANG_ENABLE_OBJC_WEAK = YES;
				CLANG_WARN_BLOCK_CAPTURE_AUTORELEASING = YES;
				CLANG_WARN_BOOL_CONVERSION = YES;
				CLANG_WARN_COMMA = YES;
				CLANG_WARN_CONSTANT_CONVERSION = YES;
				CLANG_WARN_DEPRECATED_OBJC_IMPLEMENTATIONS = YES;
				CLANG_WARN_DIRECT_OBJC_ISA_USAGE = YES_ERROR;
				CLANG_WARN_DOCUMENTATION_COMMENTS = YES;
				CLANG_WARN_EMPTY_BODY = YES;
				CLANG_WARN_ENUM_CONVERSION = YES;
				CLANG_WARN_INFINITE_RECURSION = YES;
				CLANG_WARN_INT_CONVERSION = YES;
				CLANG_WARN_NON_LITERAL_NULL_CONVERSION = YES;
				CLANG_WARN_OBJC_IMPLICIT_RETAIN_SELF = YES;
				CLANG_WARN_OBJC_LITERAL_CONVERSION = YES;
				CLANG_WARN_OBJC_ROOT_CLASS = YES_ERROR;
				CLANG_WARN_QUOTED_INCLUDE_IN_FRAMEWORK_HEADER = YES;
				CLANG_WARN_RANGE_LOOP_ANALYSIS = YES;
				CLANG_WARN_STRICT_PROTOTYPES = YES;
				CLANG_WARN_SUSPICIOUS_MOVE = YES;
				CLANG_WARN_UNGUARDED_AVAILABILITY = YES_AGGRESSIVE;
				CLANG_WARN_UNREACHABLE_CODE = YES;
				CLANG_WARN__DUPLICATE_METHOD_MATCH = YES;
				COPY_PHASE_STRIP = NO;
				DEBUG_INFORMATION_FORMAT = "dwarf-with-dsym";
				ENABLE_NS_ASSERTIONS = NO;
				ENABLE_STRICT_OBJC_MSGSEND = YES;
				GCC_C_LANGUAGE_STANDARD = gnu11;
				GCC_NO_COMMON_BLOCKS = YES;
				GCC_WARN_64_TO_32_BIT_CONVERSION = YES;
				GCC_WARN_ABOUT_RETURN_TYPE = YES_ERROR;
				GCC_WARN_UNDECLARED_SELECTOR = YES;
				GCC_WARN_UNINITIALIZED_AUTOS = YES_AGGRESSIVE;
				GCC_WARN_UNUSED_FUNCTION = YES;
				GCC_WARN_UNUSED_VARIABLE = YES;
				IPHONEOS_DEPLOYMENT_TARGET = 16.0;
				MTL_ENABLE_DEBUG_INFO = NO;
				MTL_FAST_MATH = YES;
				SDKROOT = iphoneos;
				SWIFT_COMPILATION_MODE = wholemodule;
				SWIFT_OPTIMIZATION_LEVEL = "-O";
				VALIDATE_PRODUCT = YES;
			};
			name = Release;
		};
		5CEA8C2B28E238FA002E33FC /* Debug */ = {
			isa = XCBuildConfiguration;
			buildSettings = {
				ASSETCATALOG_COMPILER_APPICON_NAME = AppIcon;
				ASSETCATALOG_COMPILER_GLOBAL_ACCENT_COLOR_NAME = AccentColor;
				CODE_SIGN_STYLE = Automatic;
				CURRENT_PROJECT_VERSION = 1;
				DEVELOPMENT_ASSET_PATHS = "\"INVOICES/Preview Content\"";
				DEVELOPMENT_TEAM = LS69C44N8P;
				ENABLE_PREVIEWS = YES;
				GENERATE_INFOPLIST_FILE = YES;
				INFOPLIST_KEY_UIApplicationSceneManifest_Generation = YES;
				INFOPLIST_KEY_UIApplicationSupportsIndirectInputEvents = YES;
				INFOPLIST_KEY_UILaunchScreen_Generation = YES;
				INFOPLIST_KEY_UISupportedInterfaceOrientations_iPad = "UIInterfaceOrientationPortrait UIInterfaceOrientationPortraitUpsideDown UIInterfaceOrientationLandscapeLeft UIInterfaceOrientationLandscapeRight";
				INFOPLIST_KEY_UISupportedInterfaceOrientations_iPhone = "UIInterfaceOrientationPortrait UIInterfaceOrientationLandscapeLeft UIInterfaceOrientationLandscapeRight";
				LD_RUNPATH_SEARCH_PATHS = (
					"$(inherited)",
					"@executable_path/Frameworks",
				);
				MARKETING_VERSION = 1.0;
				PRODUCT_BUNDLE_IDENTIFIER = be.ivision.INVOICES;
				PRODUCT_NAME = "$(TARGET_NAME)";
				SWIFT_EMIT_LOC_STRINGS = YES;
				SWIFT_VERSION = 5.0;
				TARGETED_DEVICE_FAMILY = "1,2";
			};
			name = Debug;
		};
		5CEA8C2C28E238FA002E33FC /* Release */ = {
			isa = XCBuildConfiguration;
			buildSettings = {
				ASSETCATALOG_COMPILER_APPICON_NAME = AppIcon;
				ASSETCATALOG_COMPILER_GLOBAL_ACCENT_COLOR_NAME = AccentColor;
				CODE_SIGN_STYLE = Automatic;
				CURRENT_PROJECT_VERSION = 1;
				DEVELOPMENT_ASSET_PATHS = "\"INVOICES/Preview Content\"";
				DEVELOPMENT_TEAM = LS69C44N8P;
				ENABLE_PREVIEWS = YES;
				GENERATE_INFOPLIST_FILE = YES;
				INFOPLIST_KEY_UIApplicationSceneManifest_Generation = YES;
				INFOPLIST_KEY_UIApplicationSupportsIndirectInputEvents = YES;
				INFOPLIST_KEY_UILaunchScreen_Generation = YES;
				INFOPLIST_KEY_UISupportedInterfaceOrientations_iPad = "UIInterfaceOrientationPortrait UIInterfaceOrientationPortraitUpsideDown UIInterfaceOrientationLandscapeLeft UIInterfaceOrientationLandscapeRight";
				INFOPLIST_KEY_UISupportedInterfaceOrientations_iPhone = "UIInterfaceOrientationPortrait UIInterfaceOrientationLandscapeLeft UIInterfaceOrientationLandscapeRight";
				LD_RUNPATH_SEARCH_PATHS = (
					"$(inherited)",
					"@executable_path/Frameworks",
				);
				MARKETING_VERSION = 1.0;
				PRODUCT_BUNDLE_IDENTIFIER = be.ivision.INVOICES;
				PRODUCT_NAME = "$(TARGET_NAME)";
				SWIFT_EMIT_LOC_STRINGS = YES;
				SWIFT_VERSION = 5.0;
				TARGETED_DEVICE_FAMILY = "1,2";
			};
			name = Release;
		};
/* End XCBuildConfiguration section */

/* Begin XCConfigurationList section */
		5CEA8C1728E238F8002E33FC /* Build configuration list for PBXProject "INVOICES" */ = {
			isa = XCConfigurationList;
			buildConfigurations = (
				5CEA8C2828E238FA002E33FC /* Debug */,
				5CEA8C2928E238FA002E33FC /* Release */,
			);
			defaultConfigurationIsVisible = 0;
			defaultConfigurationName = Release;
		};
		5CEA8C2A28E238FA002E33FC /* Build configuration list for PBXNativeTarget "INVOICES" */ = {
			isa = XCConfigurationList;
			buildConfigurations = (
				5CEA8C2B28E238FA002E33FC /* Debug */,
				5CEA8C2C28E238FA002E33FC /* Release */,
			);
			defaultConfigurationIsVisible = 0;
			defaultConfigurationName = Release;
		};
/* End XCConfigurationList section */

/* Begin XCRemoteSwiftPackageReference section */
		5C43AF4128E2D9C4000771BB /* XCRemoteSwiftPackageReference "firebase-ios-sdk" */ = {
			isa = XCRemoteSwiftPackageReference;
			repositoryURL = "https://github.com/firebase/firebase-ios-sdk/";
			requirement = {
				kind = upToNextMajorVersion;
				minimumVersion = 9.0.0;
			};
		};
/* End XCRemoteSwiftPackageReference section */

/* Begin XCSwiftPackageProductDependency section */
		5C43AF4228E2D9C4000771BB /* FirebaseAnalytics */ = {
			isa = XCSwiftPackageProductDependency;
			package = 5C43AF4128E2D9C4000771BB /* XCRemoteSwiftPackageReference "firebase-ios-sdk" */;
			productName = FirebaseAnalytics;
		};
		5C43AF4428E2D9C4000771BB /* FirebaseAnalyticsOnDeviceConversion */ = {
			isa = XCSwiftPackageProductDependency;
			package = 5C43AF4128E2D9C4000771BB /* XCRemoteSwiftPackageReference "firebase-ios-sdk" */;
			productName = FirebaseAnalyticsOnDeviceConversion;
		};
		5C43AF4628E2D9C4000771BB /* FirebaseAnalyticsSwift */ = {
			isa = XCSwiftPackageProductDependency;
			package = 5C43AF4128E2D9C4000771BB /* XCRemoteSwiftPackageReference "firebase-ios-sdk" */;
			productName = FirebaseAnalyticsSwift;
		};
		5C43AF4828E2D9C4000771BB /* FirebaseAnalyticsWithoutAdIdSupport */ = {
			isa = XCSwiftPackageProductDependency;
			package = 5C43AF4128E2D9C4000771BB /* XCRemoteSwiftPackageReference "firebase-ios-sdk" */;
			productName = FirebaseAnalyticsWithoutAdIdSupport;
		};
		5C43AF4A28E2D9C4000771BB /* FirebaseAppCheck */ = {
			isa = XCSwiftPackageProductDependency;
			package = 5C43AF4128E2D9C4000771BB /* XCRemoteSwiftPackageReference "firebase-ios-sdk" */;
			productName = FirebaseAppCheck;
		};
		5C43AF4C28E2D9C4000771BB /* FirebaseAppDistribution-Beta */ = {
			isa = XCSwiftPackageProductDependency;
			package = 5C43AF4128E2D9C4000771BB /* XCRemoteSwiftPackageReference "firebase-ios-sdk" */;
			productName = "FirebaseAppDistribution-Beta";
		};
		5C43AF4E28E2D9C4000771BB /* FirebaseAuth */ = {
			isa = XCSwiftPackageProductDependency;
			package = 5C43AF4128E2D9C4000771BB /* XCRemoteSwiftPackageReference "firebase-ios-sdk" */;
			productName = FirebaseAuth;
		};
		5C43AF5028E2D9C4000771BB /* FirebaseAuthCombine-Community */ = {
			isa = XCSwiftPackageProductDependency;
			package = 5C43AF4128E2D9C4000771BB /* XCRemoteSwiftPackageReference "firebase-ios-sdk" */;
			productName = "FirebaseAuthCombine-Community";
		};
		5C43AF5228E2D9C4000771BB /* FirebaseCrashlytics */ = {
			isa = XCSwiftPackageProductDependency;
			package = 5C43AF4128E2D9C4000771BB /* XCRemoteSwiftPackageReference "firebase-ios-sdk" */;
			productName = FirebaseCrashlytics;
		};
		5C43AF5428E2D9C4000771BB /* FirebaseDatabase */ = {
			isa = XCSwiftPackageProductDependency;
			package = 5C43AF4128E2D9C4000771BB /* XCRemoteSwiftPackageReference "firebase-ios-sdk" */;
			productName = FirebaseDatabase;
		};
		5C43AF5628E2D9C4000771BB /* FirebaseDatabaseSwift */ = {
			isa = XCSwiftPackageProductDependency;
			package = 5C43AF4128E2D9C4000771BB /* XCRemoteSwiftPackageReference "firebase-ios-sdk" */;
			productName = FirebaseDatabaseSwift;
		};
		5C43AF5828E2D9C4000771BB /* FirebaseDynamicLinks */ = {
			isa = XCSwiftPackageProductDependency;
			package = 5C43AF4128E2D9C4000771BB /* XCRemoteSwiftPackageReference "firebase-ios-sdk" */;
			productName = FirebaseDynamicLinks;
		};
		5C43AF5A28E2D9C4000771BB /* FirebaseFirestore */ = {
			isa = XCSwiftPackageProductDependency;
			package = 5C43AF4128E2D9C4000771BB /* XCRemoteSwiftPackageReference "firebase-ios-sdk" */;
			productName = FirebaseFirestore;
		};
		5C43AF5C28E2D9C4000771BB /* FirebaseFirestoreCombine-Community */ = {
			isa = XCSwiftPackageProductDependency;
			package = 5C43AF4128E2D9C4000771BB /* XCRemoteSwiftPackageReference "firebase-ios-sdk" */;
			productName = "FirebaseFirestoreCombine-Community";
		};
		5C43AF5E28E2D9C4000771BB /* FirebaseFirestoreSwift */ = {
			isa = XCSwiftPackageProductDependency;
			package = 5C43AF4128E2D9C4000771BB /* XCRemoteSwiftPackageReference "firebase-ios-sdk" */;
			productName = FirebaseFirestoreSwift;
		};
		5C43AF6028E2D9C4000771BB /* FirebaseFunctions */ = {
			isa = XCSwiftPackageProductDependency;
			package = 5C43AF4128E2D9C4000771BB /* XCRemoteSwiftPackageReference "firebase-ios-sdk" */;
			productName = FirebaseFunctions;
		};
		5C43AF6228E2D9C4000771BB /* FirebaseFunctionsCombine-Community */ = {
			isa = XCSwiftPackageProductDependency;
			package = 5C43AF4128E2D9C4000771BB /* XCRemoteSwiftPackageReference "firebase-ios-sdk" */;
			productName = "FirebaseFunctionsCombine-Community";
		};
		5C43AF6428E2D9C4000771BB /* FirebaseInAppMessaging-Beta */ = {
			isa = XCSwiftPackageProductDependency;
			package = 5C43AF4128E2D9C4000771BB /* XCRemoteSwiftPackageReference "firebase-ios-sdk" */;
			productName = "FirebaseInAppMessaging-Beta";
		};
		5C43AF6628E2D9C4000771BB /* FirebaseInAppMessagingSwift-Beta */ = {
			isa = XCSwiftPackageProductDependency;
			package = 5C43AF4128E2D9C4000771BB /* XCRemoteSwiftPackageReference "firebase-ios-sdk" */;
			productName = "FirebaseInAppMessagingSwift-Beta";
		};
		5C43AF6828E2D9C4000771BB /* FirebaseInstallations */ = {
			isa = XCSwiftPackageProductDependency;
			package = 5C43AF4128E2D9C4000771BB /* XCRemoteSwiftPackageReference "firebase-ios-sdk" */;
			productName = FirebaseInstallations;
		};
		5C43AF6A28E2D9C4000771BB /* FirebaseMLModelDownloader */ = {
			isa = XCSwiftPackageProductDependency;
			package = 5C43AF4128E2D9C4000771BB /* XCRemoteSwiftPackageReference "firebase-ios-sdk" */;
			productName = FirebaseMLModelDownloader;
		};
		5C43AF6C28E2D9C4000771BB /* FirebaseMessaging */ = {
			isa = XCSwiftPackageProductDependency;
			package = 5C43AF4128E2D9C4000771BB /* XCRemoteSwiftPackageReference "firebase-ios-sdk" */;
			productName = FirebaseMessaging;
		};
		5C43AF6E28E2D9C4000771BB /* FirebasePerformance */ = {
			isa = XCSwiftPackageProductDependency;
			package = 5C43AF4128E2D9C4000771BB /* XCRemoteSwiftPackageReference "firebase-ios-sdk" */;
			productName = FirebasePerformance;
		};
		5C43AF7028E2D9C4000771BB /* FirebaseRemoteConfig */ = {
			isa = XCSwiftPackageProductDependency;
			package = 5C43AF4128E2D9C4000771BB /* XCRemoteSwiftPackageReference "firebase-ios-sdk" */;
			productName = FirebaseRemoteConfig;
		};
		5C43AF7228E2D9C4000771BB /* FirebaseRemoteConfigSwift */ = {
			isa = XCSwiftPackageProductDependency;
			package = 5C43AF4128E2D9C4000771BB /* XCRemoteSwiftPackageReference "firebase-ios-sdk" */;
			productName = FirebaseRemoteConfigSwift;
		};
		5C43AF7428E2D9C4000771BB /* FirebaseStorage */ = {
			isa = XCSwiftPackageProductDependency;
			package = 5C43AF4128E2D9C4000771BB /* XCRemoteSwiftPackageReference "firebase-ios-sdk" */;
			productName = FirebaseStorage;
		};
		5C43AF7628E2D9C4000771BB /* FirebaseStorageCombine-Community */ = {
			isa = XCSwiftPackageProductDependency;
			package = 5C43AF4128E2D9C4000771BB /* XCRemoteSwiftPackageReference "firebase-ios-sdk" */;
			productName = "FirebaseStorageCombine-Community";
		};
/* End XCSwiftPackageProductDependency section */
	};
	rootObject = 5CEA8C1428E238F8002E33FC /* Project object */;
}
